<?xml version="1.0" encoding="utf-8"?>
<Project ToolsVersion="4.0" xmlns="http://schemas.microsoft.com/developer/msbuild/2003">
  <ItemGroup>
    <Filter Include="原始程式檔">
      <UniqueIdentifier>{4FC737F1-C7A5-4376-A066-2A32D752A2FF}</UniqueIdentifier>
      <Extensions>cpp;c;cc;cxx;def;odl;idl;hpj;bat;asm;asmx</Extensions>
    </Filter>
    <Filter Include="標頭檔">
      <UniqueIdentifier>{93995380-89BD-4b04-88EB-625FBE52EBFB}</UniqueIdentifier>
      <Extensions>h;hh;hpp;hxx;hm;inl;inc;xsd</Extensions>
    </Filter>
    <Filter Include="資源檔">
      <UniqueIdentifier>{67DA6AB6-F800-4c08-8B7A-83BB121AAD01}</UniqueIdentifier>
      <Extensions>rc;ico;cur;bmp;dlg;rc2;rct;bin;rgs;gif;jpg;jpeg;jpe;resx;tiff;tif;png;wav;mfcribbon-ms</Extensions>
    </Filter>
    <Filter Include="資源檔\music">
      <UniqueIdentifier>{0a84f696-0aba-4612-93f1-69eecb6503ee}</UniqueIdentifier>
    </Filter>
  </ItemGroup>
  <ItemGroup>
    <ClCompile Include="..\..\source\main.c">
      <Filter>原始程式檔</Filter>
    </ClCompile>
    <ClCompile Include="..\..\source\Circlecross.c">
      <Filter>原始程式檔</Filter>
    </ClCompile>
    <ClCompile Include="..\..\source\music.c">
      <Filter>原始程式檔</Filter>
    </ClCompile>
  </ItemGroup>
  <ItemGroup>
    <ClInclude Include="..\..\include\music.h">
      <Filter>標頭檔</Filter>
    </ClInclude>
  </ItemGroup>
  <ItemGroup>
    <Media Include="..\..\temp\debug\aaaopop.wav">
      <Filter>資源檔\music</Filter>
    </Media>
    <Media Include="..\..\temp\debug\dori.wav">
      <Filter>資源檔\music</Filter>
    </Media>
    <Media Include="..\..\temp\debug\for_the_world.wav">
      <Filter>資源檔\music</Filter>
    </Media>
    <Media Include="..\..\temp\debug\Forever_TV_Size.wav">
      <Filter>資源檔\music</Filter>
    </Media>
    <Media Include="..\..\temp\debug\Gears_of_Love.wav">
      <Filter>資源檔\music</Filter>
    </Media>
    <Media Include="..\..\temp\debug\Hero.wav">
      <Filter>資源檔\music</Filter>
    </Media>
    <Media Include="..\..\temp\debug\tea_leave.wav">
      <Filter>資源檔\music</Filter>
    </Media>
    <Media Include="..\..\temp\debug\Wishing.wav">
      <Filter>資源檔\music</Filter>
    </Media>
  </ItemGroup>
</Project>